{
  "name": "ss",
  "version": "1.0.0",
  "lockfileVersion": 1,
  "requires": true,
  "dependencies": {
    "lib-flexible": {
      "version": "0.3.2",
      "resolved": "http://registry.npm.qima-inc.com/lib-flexible/download/lib-flexible-0.3.2.tgz",
      "integrity": "sha1-BvWnSDIxSi01wSA5vJw8otrqpCY="
    }
  }
}
